
Microsoft Visual Studio Solution File, Format Version 12.00
# Visual Studio Version 16
VisualStudioVersion = 16.0.30413.136
MinimumVisualStudioVersion = 10.0.40219.1
Project("{FAE04EC0-301F-11D3-BF4B-00C04F79EFBC}") = "Flaggor", "hej\Flaggor.csproj", "{42523CA8-56F5-4CC8-99F5-2CF69CB9BDB9}"
EndProject
Global
	GlobalSection(SolutionConfigurationPlatforms) = preSolution
		Debug|Any CPU = Debug|Any CPU
		Release|Any CPU = Release|Any CPU
	EndGlobalSection
	GlobalSection(ProjectConfigurationPlatforms) = postSolution
		{42523CA8-56F5-4CC8-99F5-2CF69CB9BDB9}.Debug|Any CPU.ActiveCfg = Debug|Any CPU
		{42523CA8-56F5-4CC8-99F5-2CF69CB9BDB9}.Debug|Any CPU.Build.0 = Debug|Any CPU
		{42523CA8-56F5-4CC8-99F5-2CF69CB9BDB9}.Release|Any CPU.ActiveCfg = Release|Any CPU
		{42523CA8-56F5-4CC8-99F5-2CF69CB9BDB9}.Release|Any CPU.Build.0 = Release|Any CPU
	EndGlobalSection
	GlobalSection(SolutionProperties) = preSolution
		HideSolutionNode = FALSE
	EndGlobalSection
	GlobalSection(ExtensibilityGlobals) = postSolution
		SolutionGuid = {DE68C1A5-8B33-466D-B51A-7E1F89FC9279}
	EndGlobalSection
EndGlobal
