
Microsoft Visual Studio Solution File, Format Version 12.00
# Visual Studio Version 16
VisualStudioVersion = 16.0.30413.136
MinimumVisualStudioVersion = 10.0.40219.1
Project("{FAE04EC0-301F-11D3-BF4B-00C04F79EFBC}") = "Wpf-lektion", "Wpf-lektion.csproj", "{A9FCFC17-4E2E-4313-83ED-7A9066E59EFC}"
EndProject
Global
	GlobalSection(SolutionConfigurationPlatforms) = preSolution
		Debug|Any CPU = Debug|Any CPU
		Release|Any CPU = Release|Any CPU
	EndGlobalSection
	GlobalSection(ProjectConfigurationPlatforms) = postSolution
		{A9FCFC17-4E2E-4313-83ED-7A9066E59EFC}.Debug|Any CPU.ActiveCfg = Debug|Any CPU
		{A9FCFC17-4E2E-4313-83ED-7A9066E59EFC}.Debug|Any CPU.Build.0 = Debug|Any CPU
		{A9FCFC17-4E2E-4313-83ED-7A9066E59EFC}.Release|Any CPU.ActiveCfg = Release|Any CPU
		{A9FCFC17-4E2E-4313-83ED-7A9066E59EFC}.Release|Any CPU.Build.0 = Release|Any CPU
	EndGlobalSection
	GlobalSection(SolutionProperties) = preSolution
		HideSolutionNode = FALSE
	EndGlobalSection
	GlobalSection(ExtensibilityGlobals) = postSolution
		SolutionGuid = {8AAF1EB0-7BFD-469E-9DFE-AEFD67C3C3C7}
	EndGlobalSection
EndGlobal
